lockfileVersion: '9.0'

settings:
  autoInstallPeers: true
  excludeLinksFromLockfile: false

importers:

  .:
    devDependencies:
      '@tsconfig/next':
        specifier: ^2.0.4
        version: 2.0.4
      '@tsconfig/strictest':
        specifier: ^2.0.8
        version: 2.0.8

packages:

  '@tsconfig/next@2.0.4':
    resolution: {integrity: sha512-2myr9SPuy7iSauxOtnqehvnCyidgW8WlZQZ2MSohMvT39AglIbHtZP32lSMBC1Xs1T7hpBO5crATB+5m5mPs5w==}

  '@tsconfig/strictest@2.0.8':
    resolution: {integrity: sha512-XnQ7vNz5HRN0r88GYf1J9JJjqtZPiHt2woGJOo2dYqyHGGcd6OLGqSlBB6p1j9mpzja6Oe5BoPqWmeDx6X9rLw==}

snapshots:

  '@tsconfig/next@2.0.4': {}

  '@tsconfig/strictest@2.0.8': {}
